
Microsoft Visual Studio Solution File, Format Version 12.00
# Visual Studio Version 17
VisualStudioVersion = 17.4.33213.308
MinimumVisualStudioVersion = 10.0.40219.1
Project("{FAE04EC0-301F-11D3-BF4B-00C04F79EFBC}") = "20230211", "20230211\20230211.csproj", "{3F16F5BD-AA32-4C8E-8F4F-D9F83F0E024B}"
EndProject
Global
	GlobalSection(SolutionConfigurationPlatforms) = preSolution
		Debug|Any CPU = Debug|Any CPU
		Release|Any CPU = Release|Any CPU
	EndGlobalSection
	GlobalSection(ProjectConfigurationPlatforms) = postSolution
		{3F16F5BD-AA32-4C8E-8F4F-D9F83F0E024B}.Debug|Any CPU.ActiveCfg = Debug|Any CPU
		{3F16F5BD-AA32-4C8E-8F4F-D9F83F0E024B}.Debug|Any CPU.Build.0 = Debug|Any CPU
		{3F16F5BD-AA32-4C8E-8F4F-D9F83F0E024B}.Release|Any CPU.ActiveCfg = Release|Any CPU
		{3F16F5BD-AA32-4C8E-8F4F-D9F83F0E024B}.Release|Any CPU.Build.0 = Release|Any CPU
	EndGlobalSection
	GlobalSection(SolutionProperties) = preSolution
		HideSolutionNode = FALSE
	EndGlobalSection
	GlobalSection(ExtensibilityGlobals) = postSolution
		SolutionGuid = {492A6D81-0DED-44E1-A6F4-557B37A73936}
	EndGlobalSection
EndGlobal
